version: 2.0
shards:
  backtracer:
    git: https://github.com/sija/backtracer.cr.git
    version: 1.2.1

  bindata:
    git: https://github.com/spider-gazelle/bindata.git
    version: 1.9.0

  crystal-argon2:
    git: https://github.com/axentro/crystal-argon2.git
    version: 0.1.3

  db:
    git: https://github.com/crystal-lang/crystal-db.git
    version: 0.10.1

  exception_page:
    git: https://github.com/crystal-loot/exception_page.git
    version: 0.2.0

  granite:
    git: https://github.com/amberframework/granite.git
    version: 0.23.0

  grip:
    git: https://github.com/grip-framework/grip.git
    version: 1.0.1

  jwt:
    git: https://github.com/crystal-community/jwt.git
    version: 1.5.1

  openssl_ext:
    git: https://github.com/spider-gazelle/openssl_ext.git
    version: 2.1.5

  radix:
    git: https://github.com/luislavena/radix.git
    version: 0.4.1

  sqlite3:
    git: https://github.com/crystal-lang/crystal-sqlite3.git
    version: 0.18.0

  swagger:
    git: https://github.com/icyleaf/swagger.git
    version: 0.3.0

